
Microsoft Visual Studio Solution File, Format Version 12.00
# Visual Studio Version 16
VisualStudioVersion = 16.0.30011.22
MinimumVisualStudioVersion = 15.0.26124.0
Project("{FAE04EC0-301F-11D3-BF4B-00C04F79EFBC}") = "WebApplication1", "WebApplication1\WebApplication1.csproj", "{C51EE0CE-E014-47BB-837E-E25B8660F1EE}"
EndProject
Project("{FAE04EC0-301F-11D3-BF4B-00C04F79EFBC}") = "FunctionApp1", "FunctionApp1\FunctionApp1.csproj", "{8889AC3D-1B73-4C0F-9264-CD52E1865040}"
EndProject
Global
	GlobalSection(SolutionConfigurationPlatforms) = preSolution
		Debug|Any CPU = Debug|Any CPU
		Debug|x64 = Debug|x64
		Debug|x86 = Debug|x86
		Release|Any CPU = Release|Any CPU
		Release|x64 = Release|x64
		Release|x86 = Release|x86
	EndGlobalSection
	GlobalSection(ProjectConfigurationPlatforms) = postSolution
		{C51EE0CE-E014-47BB-837E-E25B8660F1EE}.Debug|Any CPU.ActiveCfg = Debug|Any CPU
		{C51EE0CE-E014-47BB-837E-E25B8660F1EE}.Debug|Any CPU.Build.0 = Debug|Any CPU
		{C51EE0CE-E014-47BB-837E-E25B8660F1EE}.Debug|x64.ActiveCfg = Debug|Any CPU
		{C51EE0CE-E014-47BB-837E-E25B8660F1EE}.Debug|x64.Build.0 = Debug|Any CPU
		{C51EE0CE-E014-47BB-837E-E25B8660F1EE}.Debug|x86.ActiveCfg = Debug|Any CPU
		{C51EE0CE-E014-47BB-837E-E25B8660F1EE}.Debug|x86.Build.0 = Debug|Any CPU
		{C51EE0CE-E014-47BB-837E-E25B8660F1EE}.Release|Any CPU.ActiveCfg = Release|Any CPU
		{C51EE0CE-E014-47BB-837E-E25B8660F1EE}.Release|Any CPU.Build.0 = Release|Any CPU
		{C51EE0CE-E014-47BB-837E-E25B8660F1EE}.Release|x64.ActiveCfg = Release|Any CPU
		{C51EE0CE-E014-47BB-837E-E25B8660F1EE}.Release|x64.Build.0 = Release|Any CPU
		{C51EE0CE-E014-47BB-837E-E25B8660F1EE}.Release|x86.ActiveCfg = Release|Any CPU
		{C51EE0CE-E014-47BB-837E-E25B8660F1EE}.Release|x86.Build.0 = Release|Any CPU
		{8889AC3D-1B73-4C0F-9264-CD52E1865040}.Debug|Any CPU.ActiveCfg = Debug|Any CPU
		{8889AC3D-1B73-4C0F-9264-CD52E1865040}.Debug|Any CPU.Build.0 = Debug|Any CPU
		{8889AC3D-1B73-4C0F-9264-CD52E1865040}.Debug|x64.ActiveCfg = Debug|Any CPU
		{8889AC3D-1B73-4C0F-9264-CD52E1865040}.Debug|x64.Build.0 = Debug|Any CPU
		{8889AC3D-1B73-4C0F-9264-CD52E1865040}.Debug|x86.ActiveCfg = Debug|Any CPU
		{8889AC3D-1B73-4C0F-9264-CD52E1865040}.Debug|x86.Build.0 = Debug|Any CPU
		{8889AC3D-1B73-4C0F-9264-CD52E1865040}.Release|Any CPU.ActiveCfg = Release|Any CPU
		{8889AC3D-1B73-4C0F-9264-CD52E1865040}.Release|Any CPU.Build.0 = Release|Any CPU
		{8889AC3D-1B73-4C0F-9264-CD52E1865040}.Release|x64.ActiveCfg = Release|Any CPU
		{8889AC3D-1B73-4C0F-9264-CD52E1865040}.Release|x64.Build.0 = Release|Any CPU
		{8889AC3D-1B73-4C0F-9264-CD52E1865040}.Release|x86.ActiveCfg = Release|Any CPU
		{8889AC3D-1B73-4C0F-9264-CD52E1865040}.Release|x86.Build.0 = Release|Any CPU
	EndGlobalSection
	GlobalSection(SolutionProperties) = preSolution
		HideSolutionNode = FALSE
	EndGlobalSection
	GlobalSection(ExtensibilityGlobals) = postSolution
		SolutionGuid = {029A5186-96BE-4D23-AA59-C10F880E256B}
	EndGlobalSection
EndGlobal
