
Microsoft Visual Studio Solution File, Format Version 12.00
# Visual Studio Version 16
VisualStudioVersion = 16.0.28531.58
MinimumVisualStudioVersion = 10.0.40219.1
Project("{9A19103F-16F7-4668-BE54-9A1E7A4F7556}") = "01.AsyncMain", "01.AsyncMain\01.AsyncMain.csproj", "{2F6F625A-3C0B-44E3-A073-BF67945074DE}"
EndProject
Project("{9A19103F-16F7-4668-BE54-9A1E7A4F7556}") = "02.DefaultKeyword", "02.DefaultKeyword\02.DefaultKeyword.csproj", "{BCD0076A-5766-4654-92C8-87183F41D143}"
EndProject
Project("{FAE04EC0-301F-11D3-BF4B-00C04F79EFBC}") = "00.Example", "00.Example\00.Example.csproj", "{045333BA-E195-469E-BC8C-393529A6D721}"
EndProject
Global
	GlobalSection(SolutionConfigurationPlatforms) = preSolution
		Debug|Any CPU = Debug|Any CPU
		Release|Any CPU = Release|Any CPU
	EndGlobalSection
	GlobalSection(ProjectConfigurationPlatforms) = postSolution
		{2F6F625A-3C0B-44E3-A073-BF67945074DE}.Debug|Any CPU.ActiveCfg = Debug|Any CPU
		{2F6F625A-3C0B-44E3-A073-BF67945074DE}.Debug|Any CPU.Build.0 = Debug|Any CPU
		{2F6F625A-3C0B-44E3-A073-BF67945074DE}.Release|Any CPU.ActiveCfg = Release|Any CPU
		{2F6F625A-3C0B-44E3-A073-BF67945074DE}.Release|Any CPU.Build.0 = Release|Any CPU
		{BCD0076A-5766-4654-92C8-87183F41D143}.Debug|Any CPU.ActiveCfg = Debug|Any CPU
		{BCD0076A-5766-4654-92C8-87183F41D143}.Debug|Any CPU.Build.0 = Debug|Any CPU
		{BCD0076A-5766-4654-92C8-87183F41D143}.Release|Any CPU.ActiveCfg = Release|Any CPU
		{BCD0076A-5766-4654-92C8-87183F41D143}.Release|Any CPU.Build.0 = Release|Any CPU
		{045333BA-E195-469E-BC8C-393529A6D721}.Debug|Any CPU.ActiveCfg = Debug|Any CPU
		{045333BA-E195-469E-BC8C-393529A6D721}.Debug|Any CPU.Build.0 = Debug|Any CPU
		{045333BA-E195-469E-BC8C-393529A6D721}.Release|Any CPU.ActiveCfg = Release|Any CPU
		{045333BA-E195-469E-BC8C-393529A6D721}.Release|Any CPU.Build.0 = Release|Any CPU
	EndGlobalSection
	GlobalSection(SolutionProperties) = preSolution
		HideSolutionNode = FALSE
	EndGlobalSection
	GlobalSection(ExtensibilityGlobals) = postSolution
		SolutionGuid = {E16D92D2-6E93-4B7C-83B6-12E4AA2B0E95}
	EndGlobalSection
EndGlobal
