
Microsoft Visual Studio Solution File, Format Version 12.00
# Visual Studio Version 16
VisualStudioVersion = 16.0.28531.58
MinimumVisualStudioVersion = 10.0.40219.1
Project("{9A19103F-16F7-4668-BE54-9A1E7A4F7556}") = "01.AsyncMain", "01.AsyncMain\01.AsyncMain.csproj", "{2F6F625A-3C0B-44E3-A073-BF67945074DE}"
EndProject
Project("{9A19103F-16F7-4668-BE54-9A1E7A4F7556}") = "02.DefaultKeyword", "02.DefaultKeyword\02.DefaultKeyword.csproj", "{BCD0076A-5766-4654-92C8-87183F41D143}"
EndProject
Project("{9A19103F-16F7-4668-BE54-9A1E7A4F7556}") = "00.Example", "00.Example\00.Example.csproj", "{045333BA-E195-469E-BC8C-393529A6D721}"
EndProject
Project("{9A19103F-16F7-4668-BE54-9A1E7A4F7556}") = "03.InferredTupleElementNames", "03.InferredTupleElementNames\03.InferredTupleElementNames.csproj", "{6883C596-543C-4C26-BC2B-0EB3C5CC0502}"
EndProject
Project("{9A19103F-16F7-4668-BE54-9A1E7A4F7556}") = "04.SafeEfficientCodeEnhancements", "04.SafeEfficientCodeEnhancements\04.SafeEfficientCodeEnhancements.csproj", "{91213F8F-6B72-45EF-897C-9562D890C8DD}"
EndProject
Project("{9A19103F-16F7-4668-BE54-9A1E7A4F7556}") = "05.NonTrailingNamedArguments", "05.NonTrailingNamedArguments\05.NonTrailingNamedArguments.csproj", "{47D2D5F7-B46D-4B7F-BA89-64096B7C7971}"
EndProject
Project("{9A19103F-16F7-4668-BE54-9A1E7A4F7556}") = "06.LeadingUnderscoresInNumericLiterals", "06.LeadingUnderscoresInNumericLiterals\06.LeadingUnderscoresInNumericLiterals.csproj", "{C9E4A62E-EE4F-4AD8-ABF0-2B3B571E745A}"
EndProject
Project("{9A19103F-16F7-4668-BE54-9A1E7A4F7556}") = "07.PrivateProtectedAccessModifier", "07.PrivateProtectedAccessModifier\07.PrivateProtectedAccessModifier.csproj", "{A4CFBFB6-6096-47D0-9B29-794AE36DC3BE}"
EndProject
Project("{9A19103F-16F7-4668-BE54-9A1E7A4F7556}") = "07.PrivateProtectedAccessModifierLib", "07.PrivateProtectedAccessModifierLib\07.PrivateProtectedAccessModifierLib.csproj", "{483AB655-A5EE-4F26-B73D-D82FEAC76033}"
EndProject
Project("{9A19103F-16F7-4668-BE54-9A1E7A4F7556}") = "08.ConditionalRefExpressions", "08.ConditionalRefExpressions\08.ConditionalRefExpressions.csproj", "{7326FE6C-4F51-4A4C-895B-32FAF610E458}"
EndProject
Project("{9A19103F-16F7-4668-BE54-9A1E7A4F7556}") = "09.EnablingMoreEfficientSafeCode", "09.EnablingMoreEfficientSafeCode\09.EnablingMoreEfficientSafeCode.csproj", "{CC2C4B4D-1338-445E-99F0-09C8C08F3F99}"
EndProject
Project("{9A19103F-16F7-4668-BE54-9A1E7A4F7556}") = "10.MakeExistingFeaturesBetter", "10.MakeExistingFeaturesBetter\10.MakeExistingFeaturesBetter.csproj", "{E4828134-F08E-4520-BD98-4938D85CA075}"
EndProject
Project("{9A19103F-16F7-4668-BE54-9A1E7A4F7556}") = "11.NullableReferenceTpes", "11.NullableReferenceTpes\11.NullableReferenceTpes.csproj", "{41F39BE2-A84A-4356-A0A3-735D7992ABF4}"
EndProject
Project("{9A19103F-16F7-4668-BE54-9A1E7A4F7556}") = "12.AsyncStreams", "12.AsyncStreams\12.AsyncStreams.csproj", "{31789532-7EE7-45FA-93D1-F812D3877F7E}"
EndProject
Project("{9A19103F-16F7-4668-BE54-9A1E7A4F7556}") = "13.RangesAndIndices", "13.RangesAndIndices\13.RangesAndIndices.csproj", "{7B74583E-D1BB-470C-BBB0-60FBDEFBA4F0}"
EndProject
Project("{9A19103F-16F7-4668-BE54-9A1E7A4F7556}") = "14.DefaultInterfaceMembers", "14.DefaultInterfaceMembers\14.DefaultInterfaceMembers.csproj", "{0E1678E5-F7AE-41A1-96CF-92F0AC95252A}"
EndProject
Project("{9A19103F-16F7-4668-BE54-9A1E7A4F7556}") = "15.RecursivePatterns", "15.RecursivePatterns\15.RecursivePatterns.csproj", "{626FAC00-86BD-458B-95A0-82121690637E}"
EndProject
Project("{9A19103F-16F7-4668-BE54-9A1E7A4F7556}") = "16.SwitchExpressions", "16.SwitchExpressions\16.SwitchExpressions.csproj", "{AC752AA9-3AC6-40C9-9A81-08ACD10052AD}"
EndProject
Project("{9A19103F-16F7-4668-BE54-9A1E7A4F7556}") = "17.TargetTypedNewExpressions", "17.TargetTypedNewExpressions\17.TargetTypedNewExpressions.csproj", "{87795DD8-706F-4F08-A813-A3100CFA50DC}"
EndProject
Project("{9A19103F-16F7-4668-BE54-9A1E7A4F7556}") = "18.ExtensionEverything", "18.ExtensionEverything\18.ExtensionEverything.csproj", "{2CD44828-BC2C-4C3E-94F9-D1176A4EE157}"
EndProject
Project("{9A19103F-16F7-4668-BE54-9A1E7A4F7556}") = "14.DefaultInterfaceMembers.Interfaces", "14.DefaultInterfaceMembers.Interfaces\14.DefaultInterfaceMembers.Interfaces.csproj", "{51BBA7BF-B8B5-42E6-A20A-2E3CAEDD2392}"
EndProject
Project("{9A19103F-16F7-4668-BE54-9A1E7A4F7556}") = "14.DefaultInterfaceMembers.Library", "14.DefaultInterfaceMembers.Library\14.DefaultInterfaceMembers.Library.csproj", "{9FCFF054-68E8-4F2E-90BB-03008F789F92}"
EndProject
Project("{FAE04EC0-301F-11D3-BF4B-00C04F79EFBC}") = "19.UsingDeclarations", "19.UsingDeclarations\19.UsingDeclarations.csproj", "{8362EDE7-75AD-4DFC-974E-F0A7B53DEF5F}"
EndProject
Global
	GlobalSection(SolutionConfigurationPlatforms) = preSolution
		Debug|Any CPU = Debug|Any CPU
		Release|Any CPU = Release|Any CPU
	EndGlobalSection
	GlobalSection(ProjectConfigurationPlatforms) = postSolution
		{2F6F625A-3C0B-44E3-A073-BF67945074DE}.Debug|Any CPU.ActiveCfg = Debug|Any CPU
		{2F6F625A-3C0B-44E3-A073-BF67945074DE}.Debug|Any CPU.Build.0 = Debug|Any CPU
		{2F6F625A-3C0B-44E3-A073-BF67945074DE}.Release|Any CPU.ActiveCfg = Release|Any CPU
		{2F6F625A-3C0B-44E3-A073-BF67945074DE}.Release|Any CPU.Build.0 = Release|Any CPU
		{BCD0076A-5766-4654-92C8-87183F41D143}.Debug|Any CPU.ActiveCfg = Debug|Any CPU
		{BCD0076A-5766-4654-92C8-87183F41D143}.Debug|Any CPU.Build.0 = Debug|Any CPU
		{BCD0076A-5766-4654-92C8-87183F41D143}.Release|Any CPU.ActiveCfg = Release|Any CPU
		{BCD0076A-5766-4654-92C8-87183F41D143}.Release|Any CPU.Build.0 = Release|Any CPU
		{045333BA-E195-469E-BC8C-393529A6D721}.Debug|Any CPU.ActiveCfg = Debug|Any CPU
		{045333BA-E195-469E-BC8C-393529A6D721}.Debug|Any CPU.Build.0 = Debug|Any CPU
		{045333BA-E195-469E-BC8C-393529A6D721}.Release|Any CPU.ActiveCfg = Release|Any CPU
		{045333BA-E195-469E-BC8C-393529A6D721}.Release|Any CPU.Build.0 = Release|Any CPU
		{6883C596-543C-4C26-BC2B-0EB3C5CC0502}.Debug|Any CPU.ActiveCfg = Debug|Any CPU
		{6883C596-543C-4C26-BC2B-0EB3C5CC0502}.Debug|Any CPU.Build.0 = Debug|Any CPU
		{6883C596-543C-4C26-BC2B-0EB3C5CC0502}.Release|Any CPU.ActiveCfg = Release|Any CPU
		{6883C596-543C-4C26-BC2B-0EB3C5CC0502}.Release|Any CPU.Build.0 = Release|Any CPU
		{91213F8F-6B72-45EF-897C-9562D890C8DD}.Debug|Any CPU.ActiveCfg = Debug|Any CPU
		{91213F8F-6B72-45EF-897C-9562D890C8DD}.Debug|Any CPU.Build.0 = Debug|Any CPU
		{91213F8F-6B72-45EF-897C-9562D890C8DD}.Release|Any CPU.ActiveCfg = Release|Any CPU
		{91213F8F-6B72-45EF-897C-9562D890C8DD}.Release|Any CPU.Build.0 = Release|Any CPU
		{47D2D5F7-B46D-4B7F-BA89-64096B7C7971}.Debug|Any CPU.ActiveCfg = Debug|Any CPU
		{47D2D5F7-B46D-4B7F-BA89-64096B7C7971}.Debug|Any CPU.Build.0 = Debug|Any CPU
		{47D2D5F7-B46D-4B7F-BA89-64096B7C7971}.Release|Any CPU.ActiveCfg = Release|Any CPU
		{47D2D5F7-B46D-4B7F-BA89-64096B7C7971}.Release|Any CPU.Build.0 = Release|Any CPU
		{C9E4A62E-EE4F-4AD8-ABF0-2B3B571E745A}.Debug|Any CPU.ActiveCfg = Debug|Any CPU
		{C9E4A62E-EE4F-4AD8-ABF0-2B3B571E745A}.Debug|Any CPU.Build.0 = Debug|Any CPU
		{C9E4A62E-EE4F-4AD8-ABF0-2B3B571E745A}.Release|Any CPU.ActiveCfg = Release|Any CPU
		{C9E4A62E-EE4F-4AD8-ABF0-2B3B571E745A}.Release|Any CPU.Build.0 = Release|Any CPU
		{A4CFBFB6-6096-47D0-9B29-794AE36DC3BE}.Debug|Any CPU.ActiveCfg = Debug|Any CPU
		{A4CFBFB6-6096-47D0-9B29-794AE36DC3BE}.Debug|Any CPU.Build.0 = Debug|Any CPU
		{A4CFBFB6-6096-47D0-9B29-794AE36DC3BE}.Release|Any CPU.ActiveCfg = Release|Any CPU
		{A4CFBFB6-6096-47D0-9B29-794AE36DC3BE}.Release|Any CPU.Build.0 = Release|Any CPU
		{483AB655-A5EE-4F26-B73D-D82FEAC76033}.Debug|Any CPU.ActiveCfg = Debug|Any CPU
		{483AB655-A5EE-4F26-B73D-D82FEAC76033}.Debug|Any CPU.Build.0 = Debug|Any CPU
		{483AB655-A5EE-4F26-B73D-D82FEAC76033}.Release|Any CPU.ActiveCfg = Release|Any CPU
		{483AB655-A5EE-4F26-B73D-D82FEAC76033}.Release|Any CPU.Build.0 = Release|Any CPU
		{7326FE6C-4F51-4A4C-895B-32FAF610E458}.Debug|Any CPU.ActiveCfg = Debug|Any CPU
		{7326FE6C-4F51-4A4C-895B-32FAF610E458}.Debug|Any CPU.Build.0 = Debug|Any CPU
		{7326FE6C-4F51-4A4C-895B-32FAF610E458}.Release|Any CPU.ActiveCfg = Release|Any CPU
		{7326FE6C-4F51-4A4C-895B-32FAF610E458}.Release|Any CPU.Build.0 = Release|Any CPU
		{CC2C4B4D-1338-445E-99F0-09C8C08F3F99}.Debug|Any CPU.ActiveCfg = Debug|Any CPU
		{CC2C4B4D-1338-445E-99F0-09C8C08F3F99}.Debug|Any CPU.Build.0 = Debug|Any CPU
		{CC2C4B4D-1338-445E-99F0-09C8C08F3F99}.Release|Any CPU.ActiveCfg = Release|Any CPU
		{CC2C4B4D-1338-445E-99F0-09C8C08F3F99}.Release|Any CPU.Build.0 = Release|Any CPU
		{E4828134-F08E-4520-BD98-4938D85CA075}.Debug|Any CPU.ActiveCfg = Debug|Any CPU
		{E4828134-F08E-4520-BD98-4938D85CA075}.Debug|Any CPU.Build.0 = Debug|Any CPU
		{E4828134-F08E-4520-BD98-4938D85CA075}.Release|Any CPU.ActiveCfg = Release|Any CPU
		{E4828134-F08E-4520-BD98-4938D85CA075}.Release|Any CPU.Build.0 = Release|Any CPU
		{41F39BE2-A84A-4356-A0A3-735D7992ABF4}.Debug|Any CPU.ActiveCfg = Debug|Any CPU
		{41F39BE2-A84A-4356-A0A3-735D7992ABF4}.Debug|Any CPU.Build.0 = Debug|Any CPU
		{41F39BE2-A84A-4356-A0A3-735D7992ABF4}.Release|Any CPU.ActiveCfg = Release|Any CPU
		{41F39BE2-A84A-4356-A0A3-735D7992ABF4}.Release|Any CPU.Build.0 = Release|Any CPU
		{31789532-7EE7-45FA-93D1-F812D3877F7E}.Debug|Any CPU.ActiveCfg = Debug|Any CPU
		{31789532-7EE7-45FA-93D1-F812D3877F7E}.Debug|Any CPU.Build.0 = Debug|Any CPU
		{31789532-7EE7-45FA-93D1-F812D3877F7E}.Release|Any CPU.ActiveCfg = Release|Any CPU
		{31789532-7EE7-45FA-93D1-F812D3877F7E}.Release|Any CPU.Build.0 = Release|Any CPU
		{7B74583E-D1BB-470C-BBB0-60FBDEFBA4F0}.Debug|Any CPU.ActiveCfg = Debug|Any CPU
		{7B74583E-D1BB-470C-BBB0-60FBDEFBA4F0}.Debug|Any CPU.Build.0 = Debug|Any CPU
		{7B74583E-D1BB-470C-BBB0-60FBDEFBA4F0}.Release|Any CPU.ActiveCfg = Release|Any CPU
		{7B74583E-D1BB-470C-BBB0-60FBDEFBA4F0}.Release|Any CPU.Build.0 = Release|Any CPU
		{0E1678E5-F7AE-41A1-96CF-92F0AC95252A}.Debug|Any CPU.ActiveCfg = Debug|Any CPU
		{0E1678E5-F7AE-41A1-96CF-92F0AC95252A}.Debug|Any CPU.Build.0 = Debug|Any CPU
		{0E1678E5-F7AE-41A1-96CF-92F0AC95252A}.Release|Any CPU.ActiveCfg = Release|Any CPU
		{0E1678E5-F7AE-41A1-96CF-92F0AC95252A}.Release|Any CPU.Build.0 = Release|Any CPU
		{626FAC00-86BD-458B-95A0-82121690637E}.Debug|Any CPU.ActiveCfg = Debug|Any CPU
		{626FAC00-86BD-458B-95A0-82121690637E}.Debug|Any CPU.Build.0 = Debug|Any CPU
		{626FAC00-86BD-458B-95A0-82121690637E}.Release|Any CPU.ActiveCfg = Release|Any CPU
		{626FAC00-86BD-458B-95A0-82121690637E}.Release|Any CPU.Build.0 = Release|Any CPU
		{AC752AA9-3AC6-40C9-9A81-08ACD10052AD}.Debug|Any CPU.ActiveCfg = Debug|Any CPU
		{AC752AA9-3AC6-40C9-9A81-08ACD10052AD}.Debug|Any CPU.Build.0 = Debug|Any CPU
		{AC752AA9-3AC6-40C9-9A81-08ACD10052AD}.Release|Any CPU.ActiveCfg = Release|Any CPU
		{AC752AA9-3AC6-40C9-9A81-08ACD10052AD}.Release|Any CPU.Build.0 = Release|Any CPU
		{87795DD8-706F-4F08-A813-A3100CFA50DC}.Debug|Any CPU.ActiveCfg = Debug|Any CPU
		{87795DD8-706F-4F08-A813-A3100CFA50DC}.Debug|Any CPU.Build.0 = Debug|Any CPU
		{87795DD8-706F-4F08-A813-A3100CFA50DC}.Release|Any CPU.ActiveCfg = Release|Any CPU
		{87795DD8-706F-4F08-A813-A3100CFA50DC}.Release|Any CPU.Build.0 = Release|Any CPU
		{2CD44828-BC2C-4C3E-94F9-D1176A4EE157}.Debug|Any CPU.ActiveCfg = Debug|Any CPU
		{2CD44828-BC2C-4C3E-94F9-D1176A4EE157}.Debug|Any CPU.Build.0 = Debug|Any CPU
		{2CD44828-BC2C-4C3E-94F9-D1176A4EE157}.Release|Any CPU.ActiveCfg = Release|Any CPU
		{2CD44828-BC2C-4C3E-94F9-D1176A4EE157}.Release|Any CPU.Build.0 = Release|Any CPU
		{51BBA7BF-B8B5-42E6-A20A-2E3CAEDD2392}.Debug|Any CPU.ActiveCfg = Debug|Any CPU
		{51BBA7BF-B8B5-42E6-A20A-2E3CAEDD2392}.Debug|Any CPU.Build.0 = Debug|Any CPU
		{51BBA7BF-B8B5-42E6-A20A-2E3CAEDD2392}.Release|Any CPU.ActiveCfg = Release|Any CPU
		{51BBA7BF-B8B5-42E6-A20A-2E3CAEDD2392}.Release|Any CPU.Build.0 = Release|Any CPU
		{9FCFF054-68E8-4F2E-90BB-03008F789F92}.Debug|Any CPU.ActiveCfg = Debug|Any CPU
		{9FCFF054-68E8-4F2E-90BB-03008F789F92}.Debug|Any CPU.Build.0 = Debug|Any CPU
		{9FCFF054-68E8-4F2E-90BB-03008F789F92}.Release|Any CPU.ActiveCfg = Release|Any CPU
		{9FCFF054-68E8-4F2E-90BB-03008F789F92}.Release|Any CPU.Build.0 = Release|Any CPU
		{8362EDE7-75AD-4DFC-974E-F0A7B53DEF5F}.Debug|Any CPU.ActiveCfg = Debug|Any CPU
		{8362EDE7-75AD-4DFC-974E-F0A7B53DEF5F}.Debug|Any CPU.Build.0 = Debug|Any CPU
		{8362EDE7-75AD-4DFC-974E-F0A7B53DEF5F}.Release|Any CPU.ActiveCfg = Release|Any CPU
		{8362EDE7-75AD-4DFC-974E-F0A7B53DEF5F}.Release|Any CPU.Build.0 = Release|Any CPU
	EndGlobalSection
	GlobalSection(SolutionProperties) = preSolution
		HideSolutionNode = FALSE
	EndGlobalSection
	GlobalSection(ExtensibilityGlobals) = postSolution
		SolutionGuid = {E16D92D2-6E93-4B7C-83B6-12E4AA2B0E95}
	EndGlobalSection
EndGlobal
